// !$*UTF8*$!
{
	archiveVersion = 1;
	classes = {
	};
	objectVersion = 56;
	objects = {

/* Begin PBXBuildFile section */
		E75D541B2996576800CFA1C0 /* CatApiApp.swift in Sources */ = {isa = PBXBuildFile; fileRef = E75D541A2996576800CFA1C0 /* CatApiApp.swift */; };
		E75D541D2996576800CFA1C0 /* ContentView.swift in Sources */ = {isa = PBXBuildFile; fileRef = E75D541C2996576800CFA1C0 /* ContentView.swift */; };
		E75D541F2996576A00CFA1C0 /* Assets.xcassets in Resources */ = {isa = PBXBuildFile; fileRef = E75D541E2996576A00CFA1C0 /* Assets.xcassets */; };
		E75D54222996576A00CFA1C0 /* Preview Assets.xcassets in Resources */ = {isa = PBXBuildFile; fileRef = E75D54212996576A00CFA1C0 /* Preview Assets.xcassets */; };
		E75D542C29965D2F00CFA1C0 /* Breed.swift in Sources */ = {isa = PBXBuildFile; fileRef = E75D542B29965D2F00CFA1C0 /* Breed.swift */; };
		E75D542E2996613F00CFA1C0 /* BreedImage.swift in Sources */ = {isa = PBXBuildFile; fileRef = E75D542D2996613F00CFA1C0 /* BreedImage.swift */; };
		E75D54302996619600CFA1C0 /* BreedViewModel.swift in Sources */ = {isa = PBXBuildFile; fileRef = E75D542F2996619600CFA1C0 /* BreedViewModel.swift */; };
		E75D543229966BA100CFA1C0 /* BreedListView.swift in Sources */ = {isa = PBXBuildFile; fileRef = E75D543129966BA100CFA1C0 /* BreedListView.swift */; };
		E75D543429966BAF00CFA1C0 /* ErrorView.swift in Sources */ = {isa = PBXBuildFile; fileRef = E75D543329966BAF00CFA1C0 /* ErrorView.swift */; };
		E75D543629966BCC00CFA1C0 /* LoadingView.swift in Sources */ = {isa = PBXBuildFile; fileRef = E75D543529966BCC00CFA1C0 /* LoadingView.swift */; };
		E75D5438299675F800CFA1C0 /* APIError.swift in Sources */ = {isa = PBXBuildFile; fileRef = E75D5437299675F800CFA1C0 /* APIError.swift */; };
		E75D543A299692BD00CFA1C0 /* APIService.swift in Sources */ = {isa = PBXBuildFile; fileRef = E75D5439299692BD00CFA1C0 /* APIService.swift */; };
		E75D543C2996EACF00CFA1C0 /* BreedRow.swift in Sources */ = {isa = PBXBuildFile; fileRef = E75D543B2996EACF00CFA1C0 /* BreedRow.swift */; };
		E75D543E2996EB1B00CFA1C0 /* BreedDetailView.swift in Sources */ = {isa = PBXBuildFile; fileRef = E75D543D2996EB1B00CFA1C0 /* BreedDetailView.swift */; };
/* End PBXBuildFile section */

/* Begin PBXFileReference section */
		E75D54172996576800CFA1C0 /* CatApi.app */ = {isa = PBXFileReference; explicitFileType = wrapper.application; includeInIndex = 0; path = CatApi.app; sourceTree = BUILT_PRODUCTS_DIR; };
		E75D541A2996576800CFA1C0 /* CatApiApp.swift */ = {isa = PBXFileReference; lastKnownFileType = sourcecode.swift; path = CatApiApp.swift; sourceTree = "<group>"; };
		E75D541C2996576800CFA1C0 /* ContentView.swift */ = {isa = PBXFileReference; lastKnownFileType = sourcecode.swift; path = ContentView.swift; sourceTree = "<group>"; };
		E75D541E2996576A00CFA1C0 /* Assets.xcassets */ = {isa = PBXFileReference; lastKnownFileType = folder.assetcatalog; path = Assets.xcassets; sourceTree = "<group>"; };
		E75D54212996576A00CFA1C0 /* Preview Assets.xcassets */ = {isa = PBXFileReference; lastKnownFileType = folder.assetcatalog; path = "Preview Assets.xcassets"; sourceTree = "<group>"; };
		E75D542B29965D2F00CFA1C0 /* Breed.swift */ = {isa = PBXFileReference; lastKnownFileType = sourcecode.swift; path = Breed.swift; sourceTree = "<group>"; };
		E75D542D2996613F00CFA1C0 /* BreedImage.swift */ = {isa = PBXFileReference; lastKnownFileType = sourcecode.swift; path = BreedImage.swift; sourceTree = "<group>"; };
		E75D542F2996619600CFA1C0 /* BreedViewModel.swift */ = {isa = PBXFileReference; lastKnownFileType = sourcecode.swift; path = BreedViewModel.swift; sourceTree = "<group>"; };
		E75D543129966BA100CFA1C0 /* BreedListView.swift */ = {isa = PBXFileReference; lastKnownFileType = sourcecode.swift; path = BreedListView.swift; sourceTree = "<group>"; };
		E75D543329966BAF00CFA1C0 /* ErrorView.swift */ = {isa = PBXFileReference; lastKnownFileType = sourcecode.swift; path = ErrorView.swift; sourceTree = "<group>"; };
		E75D543529966BCC00CFA1C0 /* LoadingView.swift */ = {isa = PBXFileReference; lastKnownFileType = sourcecode.swift; path = LoadingView.swift; sourceTree = "<group>"; };
		E75D5437299675F800CFA1C0 /* APIError.swift */ = {isa = PBXFileReference; lastKnownFileType = sourcecode.swift; path = APIError.swift; sourceTree = "<group>"; };
		E75D5439299692BD00CFA1C0 /* APIService.swift */ = {isa = PBXFileReference; lastKnownFileType = sourcecode.swift; path = APIService.swift; sourceTree = "<group>"; };
		E75D543B2996EACF00CFA1C0 /* BreedRow.swift */ = {isa = PBXFileReference; lastKnownFileType = sourcecode.swift; path = BreedRow.swift; sourceTree = "<group>"; };
		E75D543D2996EB1B00CFA1C0 /* BreedDetailView.swift */ = {isa = PBXFileReference; lastKnownFileType = sourcecode.swift; path = BreedDetailView.swift; sourceTree = "<group>"; };
/* End PBXFileReference section */

/* Begin PBXFrameworksBuildPhase section */
		E75D54142996576800CFA1C0 /* Frameworks */ = {
			isa = PBXFrameworksBuildPhase;
			buildActionMask = 2147483647;
			files = (
			);
			runOnlyForDeploymentPostprocessing = 0;
		};
/* End PBXFrameworksBuildPhase section */

/* Begin PBXGroup section */
		E75D540E2996576800CFA1C0 = {
			isa = PBXGroup;
			children = (
				E75D54192996576800CFA1C0 /* CatApi */,
				E75D54182996576800CFA1C0 /* Products */,
			);
			sourceTree = "<group>";
		};
		E75D54182996576800CFA1C0 /* Products */ = {
			isa = PBXGroup;
			children = (
				E75D54172996576800CFA1C0 /* CatApi.app */,
			);
			name = Products;
			sourceTree = "<group>";
		};
		E75D54192996576800CFA1C0 /* CatApi */ = {
			isa = PBXGroup;
			children = (
				E75D542A2996584E00CFA1C0 /* ViewModel */,
				E75D54292996584600CFA1C0 /* Views */,
				E75D54282996583E00CFA1C0 /* Model */,
				E75D541A2996576800CFA1C0 /* CatApiApp.swift */,
				E75D541C2996576800CFA1C0 /* ContentView.swift */,
				E75D541E2996576A00CFA1C0 /* Assets.xcassets */,
				E75D54202996576A00CFA1C0 /* Preview Content */,
			);
			path = CatApi;
			sourceTree = "<group>";
		};
		E75D54202996576A00CFA1C0 /* Preview Content */ = {
			isa = PBXGroup;
			children = (
				E75D54212996576A00CFA1C0 /* Preview Assets.xcassets */,
			);
			path = "Preview Content";
			sourceTree = "<group>";
		};
		E75D54282996583E00CFA1C0 /* Model */ = {
			isa = PBXGroup;
			children = (
				E75D542B29965D2F00CFA1C0 /* Breed.swift */,
				E75D542D2996613F00CFA1C0 /* BreedImage.swift */,
			);
			path = Model;
			sourceTree = "<group>";
		};
		E75D54292996584600CFA1C0 /* Views */ = {
			isa = PBXGroup;
			children = (
				E75D543129966BA100CFA1C0 /* BreedListView.swift */,
				E75D543329966BAF00CFA1C0 /* ErrorView.swift */,
				E75D543529966BCC00CFA1C0 /* LoadingView.swift */,
				E75D543B2996EACF00CFA1C0 /* BreedRow.swift */,
				E75D543D2996EB1B00CFA1C0 /* BreedDetailView.swift */,
			);
			path = Views;
			sourceTree = "<group>";
		};
		E75D542A2996584E00CFA1C0 /* ViewModel */ = {
			isa = PBXGroup;
			children = (
				E75D542F2996619600CFA1C0 /* BreedViewModel.swift */,
				E75D5437299675F800CFA1C0 /* APIError.swift */,
				E75D5439299692BD00CFA1C0 /* APIService.swift */,
			);
			path = ViewModel;
			sourceTree = "<group>";
		};
/* End PBXGroup section */

/* Begin PBXNativeTarget section */
		E75D54162996576800CFA1C0 /* CatApi */ = {
			isa = PBXNativeTarget;
			buildConfigurationList = E75D54252996576A00CFA1C0 /* Build configuration list for PBXNativeTarget "CatApi" */;
			buildPhases = (
				E75D54132996576800CFA1C0 /* Sources */,
				E75D54142996576800CFA1C0 /* Frameworks */,
				E75D54152996576800CFA1C0 /* Resources */,
			);
			buildRules = (
			);
			dependencies = (
			);
			name = CatApi;
			productName = CatApi;
			productReference = E75D54172996576800CFA1C0 /* CatApi.app */;
			productType = "com.apple.product-type.application";
		};
/* End PBXNativeTarget section */

/* Begin PBXProject section */
		E75D540F2996576800CFA1C0 /* Project object */ = {
			isa = PBXProject;
			attributes = {
				BuildIndependentTargetsInParallel = 1;
				LastSwiftUpdateCheck = 1420;
				LastUpgradeCheck = 1420;
				TargetAttributes = {
					E75D54162996576800CFA1C0 = {
						CreatedOnToolsVersion = 14.2;
					};
				};
			};
			buildConfigurationList = E75D54122996576800CFA1C0 /* Build configuration list for PBXProject "CatApi" */;
			compatibilityVersion = "Xcode 14.0";
			developmentRegion = en;
			hasScannedForEncodings = 0;
			knownRegions = (
				en,
				Base,
			);
			mainGroup = E75D540E2996576800CFA1C0;
			productRefGroup = E75D54182996576800CFA1C0 /* Products */;
			projectDirPath = "";
			projectRoot = "";
			targets = (
				E75D54162996576800CFA1C0 /* CatApi */,
			);
		};
/* End PBXProject section */

/* Begin PBXResourcesBuildPhase section */
		E75D54152996576800CFA1C0 /* Resources */ = {
			isa = PBXResourcesBuildPhase;
			buildActionMask = 2147483647;
			files = (
				E75D54222996576A00CFA1C0 /* Preview Assets.xcassets in Resources */,
				E75D541F2996576A00CFA1C0 /* Assets.xcassets in Resources */,
			);
			runOnlyForDeploymentPostprocessing = 0;
		};
/* End PBXResourcesBuildPhase section */

/* Begin PBXSourcesBuildPhase section */
		E75D54132996576800CFA1C0 /* Sources */ = {
			isa = PBXSourcesBuildPhase;
			buildActionMask = 2147483647;
			files = (
				E75D54302996619600CFA1C0 /* BreedViewModel.swift in Sources */,
				E75D542E2996613F00CFA1C0 /* BreedImage.swift in Sources */,
				E75D543C2996EACF00CFA1C0 /* BreedRow.swift in Sources */,
				E75D542C29965D2F00CFA1C0 /* Breed.swift in Sources */,
				E75D543E2996EB1B00CFA1C0 /* BreedDetailView.swift in Sources */,
				E75D541D2996576800CFA1C0 /* ContentView.swift in Sources */,
				E75D543429966BAF00CFA1C0 /* ErrorView.swift in Sources */,
				E75D543629966BCC00CFA1C0 /* LoadingView.swift in Sources */,
				E75D543A299692BD00CFA1C0 /* APIService.swift in Sources */,
				E75D541B2996576800CFA1C0 /* CatApiApp.swift in Sources */,
				E75D543229966BA100CFA1C0 /* BreedListView.swift in Sources */,
				E75D5438299675F800CFA1C0 /* APIError.swift in Sources */,
			);
			runOnlyForDeploymentPostprocessing = 0;
		};
/* End PBXSourcesBuildPhase section */

/* Begin XCBuildConfiguration section */
		E75D54232996576A00CFA1C0 /* Debug */ = {
			isa = XCBuildConfiguration;
			buildSettings = {
				ALWAYS_SEARCH_USER_PATHS = NO;
				CLANG_ANALYZER_NONNULL = YES;
				CLANG_ANALYZER_NUMBER_OBJECT_CONVERSION = YES_AGGRESSIVE;
				CLANG_CXX_LANGUAGE_STANDARD = "gnu++20";
				CLANG_ENABLE_MODULES = YES;
				CLANG_ENABLE_OBJC_ARC = YES;
				CLANG_ENABLE_OBJC_WEAK = YES;
				CLANG_WARN_BLOCK_CAPTURE_AUTORELEASING = YES;
				CLANG_WARN_BOOL_CONVERSION = YES;
				CLANG_WARN_COMMA = YES;
				CLANG_WARN_CONSTANT_CONVERSION = YES;
				CLANG_WARN_DEPRECATED_OBJC_IMPLEMENTATIONS = YES;
				CLANG_WARN_DIRECT_OBJC_ISA_USAGE = YES_ERROR;
				CLANG_WARN_DOCUMENTATION_COMMENTS = YES;
				CLANG_WARN_EMPTY_BODY = YES;
				CLANG_WARN_ENUM_CONVERSION = YES;
				CLANG_WARN_INFINITE_RECURSION = YES;
				CLANG_WARN_INT_CONVERSION = YES;
				CLANG_WARN_NON_LITERAL_NULL_CONVERSION = YES;
				CLANG_WARN_OBJC_IMPLICIT_RETAIN_SELF = YES;
				CLANG_WARN_OBJC_LITERAL_CONVERSION = YES;
				CLANG_WARN_OBJC_ROOT_CLASS = YES_ERROR;
				CLANG_WARN_QUOTED_INCLUDE_IN_FRAMEWORK_HEADER = YES;
				CLANG_WARN_RANGE_LOOP_ANALYSIS = YES;
				CLANG_WARN_STRICT_PROTOTYPES = YES;
				CLANG_WARN_SUSPICIOUS_MOVE = YES;
				CLANG_WARN_UNGUARDED_AVAILABILITY = YES_AGGRESSIVE;
				CLANG_WARN_UNREACHABLE_CODE = YES;
				CLANG_WARN__DUPLICATE_METHOD_MATCH = YES;
				COPY_PHASE_STRIP = NO;
				DEBUG_INFORMATION_FORMAT = dwarf;
				ENABLE_STRICT_OBJC_MSGSEND = YES;
				ENABLE_TESTABILITY = YES;
				GCC_C_LANGUAGE_STANDARD = gnu11;
				GCC_DYNAMIC_NO_PIC = NO;
				GCC_NO_COMMON_BLOCKS = YES;
				GCC_OPTIMIZATION_LEVEL = 0;
				GCC_PREPROCESSOR_DEFINITIONS = (
					"DEBUG=1",
					"$(inherited)",
				);
				GCC_WARN_64_TO_32_BIT_CONVERSION = YES;
				GCC_WARN_ABOUT_RETURN_TYPE = YES_ERROR;
				GCC_WARN_UNDECLARED_SELECTOR = YES;
				GCC_WARN_UNINITIALIZED_AUTOS = YES_AGGRESSIVE;
				GCC_WARN_UNUSED_FUNCTION = YES;
				GCC_WARN_UNUSED_VARIABLE = YES;
				IPHONEOS_DEPLOYMENT_TARGET = 16.2;
				MTL_ENABLE_DEBUG_INFO = INCLUDE_SOURCE;
				MTL_FAST_MATH = YES;
				ONLY_ACTIVE_ARCH = YES;
				SDKROOT = iphoneos;
				SWIFT_ACTIVE_COMPILATION_CONDITIONS = DEBUG;
				SWIFT_OPTIMIZATION_LEVEL = "-Onone";
			};
			name = Debug;
		};
		E75D54242996576A00CFA1C0 /* Release */ = {
			isa = XCBuildConfiguration;
			buildSettings = {
				ALWAYS_SEARCH_USER_PATHS = NO;
				CLANG_ANALYZER_NONNULL = YES;
				CLANG_ANALYZER_NUMBER_OBJECT_CONVERSION = YES_AGGRESSIVE;
				CLANG_CXX_LANGUAGE_STANDARD = "gnu++20";
				CLANG_ENABLE_MODULES = YES;
				CLANG_ENABLE_OBJC_ARC = YES;
				CLANG_ENABLE_OBJC_WEAK = YES;
				CLANG_WARN_BLOCK_CAPTURE_AUTORELEASING = YES;
				CLANG_WARN_BOOL_CONVERSION = YES;
				CLANG_WARN_COMMA = YES;
				CLANG_WARN_CONSTANT_CONVERSION = YES;
				CLANG_WARN_DEPRECATED_OBJC_IMPLEMENTATIONS = YES;
				CLANG_WARN_DIRECT_OBJC_ISA_USAGE = YES_ERROR;
				CLANG_WARN_DOCUMENTATION_COMMENTS = YES;
				CLANG_WARN_EMPTY_BODY = YES;
				CLANG_WARN_ENUM_CONVERSION = YES;
				CLANG_WARN_INFINITE_RECURSION = YES;
				CLANG_WARN_INT_CONVERSION = YES;
				CLANG_WARN_NON_LITERAL_NULL_CONVERSION = YES;
				CLANG_WARN_OBJC_IMPLICIT_RETAIN_SELF = YES;
				CLANG_WARN_OBJC_LITERAL_CONVERSION = YES;
				CLANG_WARN_OBJC_ROOT_CLASS = YES_ERROR;
				CLANG_WARN_QUOTED_INCLUDE_IN_FRAMEWORK_HEADER = YES;
				CLANG_WARN_RANGE_LOOP_ANALYSIS = YES;
				CLANG_WARN_STRICT_PROTOTYPES = YES;
				CLANG_WARN_SUSPICIOUS_MOVE = YES;
				CLANG_WARN_UNGUARDED_AVAILABILITY = YES_AGGRESSIVE;
				CLANG_WARN_UNREACHABLE_CODE = YES;
				CLANG_WARN__DUPLICATE_METHOD_MATCH = YES;
				COPY_PHASE_STRIP = NO;
				DEBUG_INFORMATION_FORMAT = "dwarf-with-dsym";
				ENABLE_NS_ASSERTIONS = NO;
				ENABLE_STRICT_OBJC_MSGSEND = YES;
				GCC_C_LANGUAGE_STANDARD = gnu11;
				GCC_NO_COMMON_BLOCKS = YES;
				GCC_WARN_64_TO_32_BIT_CONVERSION = YES;
				GCC_WARN_ABOUT_RETURN_TYPE = YES_ERROR;
				GCC_WARN_UNDECLARED_SELECTOR = YES;
				GCC_WARN_UNINITIALIZED_AUTOS = YES_AGGRESSIVE;
				GCC_WARN_UNUSED_FUNCTION = YES;
				GCC_WARN_UNUSED_VARIABLE = YES;
				IPHONEOS_DEPLOYMENT_TARGET = 16.2;
				MTL_ENABLE_DEBUG_INFO = NO;
				MTL_FAST_MATH = YES;
				SDKROOT = iphoneos;
				SWIFT_COMPILATION_MODE = wholemodule;
				SWIFT_OPTIMIZATION_LEVEL = "-O";
				VALIDATE_PRODUCT = YES;
			};
			name = Release;
		};
		E75D54262996576A00CFA1C0 /* Debug */ = {
			isa = XCBuildConfiguration;
			buildSettings = {
				ASSETCATALOG_COMPILER_APPICON_NAME = AppIcon;
				ASSETCATALOG_COMPILER_GLOBAL_ACCENT_COLOR_NAME = AccentColor;
				CODE_SIGN_STYLE = Automatic;
				CURRENT_PROJECT_VERSION = 1;
				DEVELOPMENT_ASSET_PATHS = "\"CatApi/Preview Content\"";
				ENABLE_PREVIEWS = YES;
				GENERATE_INFOPLIST_FILE = YES;
				INFOPLIST_KEY_UIApplicationSceneManifest_Generation = YES;
				INFOPLIST_KEY_UIApplicationSupportsIndirectInputEvents = YES;
				INFOPLIST_KEY_UILaunchScreen_Generation = YES;
				INFOPLIST_KEY_UISupportedInterfaceOrientations_iPad = "UIInterfaceOrientationPortrait UIInterfaceOrientationPortraitUpsideDown UIInterfaceOrientationLandscapeLeft UIInterfaceOrientationLandscapeRight";
				INFOPLIST_KEY_UISupportedInterfaceOrientations_iPhone = "UIInterfaceOrientationPortrait UIInterfaceOrientationLandscapeLeft UIInterfaceOrientationLandscapeRight";
				LD_RUNPATH_SEARCH_PATHS = (
					"$(inherited)",
					"@executable_path/Frameworks",
				);
				MARKETING_VERSION = 1.0;
				PRODUCT_BUNDLE_IDENTIFIER = com.My.MyDataApp.CatApi;
				PRODUCT_NAME = "$(TARGET_NAME)";
				SWIFT_EMIT_LOC_STRINGS = YES;
				SWIFT_VERSION = 5.0;
				TARGETED_DEVICE_FAMILY = "1,2";
			};
			name = Debug;
		};
		E75D54272996576A00CFA1C0 /* Release */ = {
			isa = XCBuildConfiguration;
			buildSettings = {
				ASSETCATALOG_COMPILER_APPICON_NAME = AppIcon;
				ASSETCATALOG_COMPILER_GLOBAL_ACCENT_COLOR_NAME = AccentColor;
				CODE_SIGN_STYLE = Automatic;
				CURRENT_PROJECT_VERSION = 1;
				DEVELOPMENT_ASSET_PATHS = "\"CatApi/Preview Content\"";
				ENABLE_PREVIEWS = YES;
				GENERATE_INFOPLIST_FILE = YES;
				INFOPLIST_KEY_UIApplicationSceneManifest_Generation = YES;
				INFOPLIST_KEY_UIApplicationSupportsIndirectInputEvents = YES;
				INFOPLIST_KEY_UILaunchScreen_Generation = YES;
				INFOPLIST_KEY_UISupportedInterfaceOrientations_iPad = "UIInterfaceOrientationPortrait UIInterfaceOrientationPortraitUpsideDown UIInterfaceOrientationLandscapeLeft UIInterfaceOrientationLandscapeRight";
				INFOPLIST_KEY_UISupportedInterfaceOrientations_iPhone = "UIInterfaceOrientationPortrait UIInterfaceOrientationLandscapeLeft UIInterfaceOrientationLandscapeRight";
				LD_RUNPATH_SEARCH_PATHS = (
					"$(inherited)",
					"@executable_path/Frameworks",
				);
				MARKETING_VERSION = 1.0;
				PRODUCT_BUNDLE_IDENTIFIER = com.My.MyDataApp.CatApi;
				PRODUCT_NAME = "$(TARGET_NAME)";
				SWIFT_EMIT_LOC_STRINGS = YES;
				SWIFT_VERSION = 5.0;
				TARGETED_DEVICE_FAMILY = "1,2";
			};
			name = Release;
		};
/* End XCBuildConfiguration section */

/* Begin XCConfigurationList section */
		E75D54122996576800CFA1C0 /* Build configuration list for PBXProject "CatApi" */ = {
			isa = XCConfigurationList;
			buildConfigurations = (
				E75D54232996576A00CFA1C0 /* Debug */,
				E75D54242996576A00CFA1C0 /* Release */,
			);
			defaultConfigurationIsVisible = 0;
			defaultConfigurationName = Release;
		};
		E75D54252996576A00CFA1C0 /* Build configuration list for PBXNativeTarget "CatApi" */ = {
			isa = XCConfigurationList;
			buildConfigurations = (
				E75D54262996576A00CFA1C0 /* Debug */,
				E75D54272996576A00CFA1C0 /* Release */,
			);
			defaultConfigurationIsVisible = 0;
			defaultConfigurationName = Release;
		};
/* End XCConfigurationList section */
	};
	rootObject = E75D540F2996576800CFA1C0 /* Project object */;
}
